
Microsoft Visual Studio Solution File, Format Version 12.00
# Visual Studio Version 17
VisualStudioVersion = 17.7.34024.191
MinimumVisualStudioVersion = 10.0.40219.1
Project("{9A19103F-16F7-4668-BE54-9A1E7A4F7556}") = "LibrarySystemManagement", "LibrarySystemManagement.csproj", "{DF16A9A6-7E5C-440E-9564-43129215E07A}"
EndProject
Global
	GlobalSection(SolutionConfigurationPlatforms) = preSolution
		Debug|Any CPU = Debug|Any CPU
		Release|Any CPU = Release|Any CPU
	EndGlobalSection
	GlobalSection(ProjectConfigurationPlatforms) = postSolution
		{DF16A9A6-7E5C-440E-9564-43129215E07A}.Debug|Any CPU.ActiveCfg = Debug|Any CPU
		{DF16A9A6-7E5C-440E-9564-43129215E07A}.Debug|Any CPU.Build.0 = Debug|Any CPU
		{DF16A9A6-7E5C-440E-9564-43129215E07A}.Release|Any CPU.ActiveCfg = Release|Any CPU
		{DF16A9A6-7E5C-440E-9564-43129215E07A}.Release|Any CPU.Build.0 = Release|Any CPU
	EndGlobalSection
	GlobalSection(SolutionProperties) = preSolution
		HideSolutionNode = FALSE
	EndGlobalSection
	GlobalSection(ExtensibilityGlobals) = postSolution
		SolutionGuid = {2182825A-2D58-4545-80C5-664143AA2680}
	EndGlobalSection
EndGlobal
